// !$*UTF8*$!
{
	archiveVersion = 1;
	classes = {
	};
	objectVersion = 56;
	objects = {

/* Begin PBXBuildFile section */
		3D1193002DBD46E100D809C3 /* Mascota+CoreDataClass.swift in Sources */ = {isa = PBXBuildFile; fileRef = 3D1192FC2DBD46E100D809C3 /* Mascota+CoreDataClass.swift */; };
		3D1193012DBD46E100D809C3 /* Mascota+CoreDataProperties.swift in Sources */ = {isa = PBXBuildFile; fileRef = 3D1192FD2DBD46E100D809C3 /* Mascota+CoreDataProperties.swift */; };
		3D1193022DBD46E100D809C3 /* Responsable+CoreDataClass.swift in Sources */ = {isa = PBXBuildFile; fileRef = 3D1192FE2DBD46E100D809C3 /* Responsable+CoreDataClass.swift */; };
		3D1193032DBD46E100D809C3 /* Responsable+CoreDataProperties.swift in Sources */ = {isa = PBXBuildFile; fileRef = 3D1192FF2DBD46E100D809C3 /* Responsable+CoreDataProperties.swift */; };
		3D1193052DBD4B8C00D809C3 /* ResponsableVO.swift in Sources */ = {isa = PBXBuildFile; fileRef = 3D1193042DBD4B8C00D809C3 /* ResponsableVO.swift */; };
		3D1193072DBD4C7200D809C3 /* MascotaVO.swift in Sources */ = {isa = PBXBuildFile; fileRef = 3D1193062DBD4C7200D809C3 /* MascotaVO.swift */; };
		3D11930B2DC43A2900D809C3 /* ResumenView.swift in Sources */ = {isa = PBXBuildFile; fileRef = 3D11930A2DC43A2900D809C3 /* ResumenView.swift */; };
		3D11930D2DC4416200D809C3 /* TableViewController.swift in Sources */ = {isa = PBXBuildFile; fileRef = 3D11930C2DC4416200D809C3 /* TableViewController.swift */; };
		3D11930F2DC441BC00D809C3 /* DetailView.swift in Sources */ = {isa = PBXBuildFile; fileRef = 3D11930E2DC441BC00D809C3 /* DetailView.swift */; };
		3D1193112DC4522700D809C3 /* DetailViewController.swift in Sources */ = {isa = PBXBuildFile; fileRef = 3D1193102DC4522700D809C3 /* DetailViewController.swift */; };
		3D1193182DC57E3D00D809C3 /* Mascotas.xcdatamodeld in Sources */ = {isa = PBXBuildFile; fileRef = 3D1193162DC57E3D00D809C3 /* Mascotas.xcdatamodeld */; };
		3DBDD8122DBD407400842729 /* AppDelegate.swift in Sources */ = {isa = PBXBuildFile; fileRef = 3DBDD8112DBD407400842729 /* AppDelegate.swift */; };
		3DBDD8142DBD407400842729 /* SceneDelegate.swift in Sources */ = {isa = PBXBuildFile; fileRef = 3DBDD8132DBD407400842729 /* SceneDelegate.swift */; };
		3DBDD8162DBD407400842729 /* ViewController.swift in Sources */ = {isa = PBXBuildFile; fileRef = 3DBDD8152DBD407400842729 /* ViewController.swift */; };
		3DBDD8192DBD407400842729 /* Main.storyboard in Resources */ = {isa = PBXBuildFile; fileRef = 3DBDD8172DBD407400842729 /* Main.storyboard */; };
		3DBDD81E2DBD407800842729 /* Assets.xcassets in Resources */ = {isa = PBXBuildFile; fileRef = 3DBDD81D2DBD407800842729 /* Assets.xcassets */; };
		3DBDD8212DBD407800842729 /* LaunchScreen.storyboard in Resources */ = {isa = PBXBuildFile; fileRef = 3DBDD81F2DBD407800842729 /* LaunchScreen.storyboard */; };
		6D06F0182DC696F40078C41A /* DataManager.swift in Sources */ = {isa = PBXBuildFile; fileRef = 6D06F0172DC696F40078C41A /* DataManager.swift */; };
/* End PBXBuildFile section */

/* Begin PBXFileReference section */
		3D1192FC2DBD46E100D809C3 /* Mascota+CoreDataClass.swift */ = {isa = PBXFileReference; lastKnownFileType = sourcecode.swift; path = "Mascota+CoreDataClass.swift"; sourceTree = "<group>"; };
		3D1192FD2DBD46E100D809C3 /* Mascota+CoreDataProperties.swift */ = {isa = PBXFileReference; lastKnownFileType = sourcecode.swift; path = "Mascota+CoreDataProperties.swift"; sourceTree = "<group>"; };
		3D1192FE2DBD46E100D809C3 /* Responsable+CoreDataClass.swift */ = {isa = PBXFileReference; lastKnownFileType = sourcecode.swift; path = "Responsable+CoreDataClass.swift"; sourceTree = "<group>"; };
		3D1192FF2DBD46E100D809C3 /* Responsable+CoreDataProperties.swift */ = {isa = PBXFileReference; lastKnownFileType = sourcecode.swift; path = "Responsable+CoreDataProperties.swift"; sourceTree = "<group>"; };
		3D1193042DBD4B8C00D809C3 /* ResponsableVO.swift */ = {isa = PBXFileReference; lastKnownFileType = sourcecode.swift; path = ResponsableVO.swift; sourceTree = "<group>"; };
		3D1193062DBD4C7200D809C3 /* MascotaVO.swift */ = {isa = PBXFileReference; lastKnownFileType = sourcecode.swift; path = MascotaVO.swift; sourceTree = "<group>"; };
		3D11930A2DC43A2900D809C3 /* ResumenView.swift */ = {isa = PBXFileReference; fileEncoding = 4; lastKnownFileType = sourcecode.swift; path = ResumenView.swift; sourceTree = "<group>"; };
		3D11930C2DC4416200D809C3 /* TableViewController.swift */ = {isa = PBXFileReference; fileEncoding = 4; lastKnownFileType = sourcecode.swift; path = TableViewController.swift; sourceTree = "<group>"; };
		3D11930E2DC441BC00D809C3 /* DetailView.swift */ = {isa = PBXFileReference; fileEncoding = 4; lastKnownFileType = sourcecode.swift; path = DetailView.swift; sourceTree = "<group>"; };
		3D1193102DC4522700D809C3 /* DetailViewController.swift */ = {isa = PBXFileReference; fileEncoding = 4; lastKnownFileType = sourcecode.swift; path = DetailViewController.swift; sourceTree = "<group>"; };
		3D1193172DC57E3D00D809C3 /* Mascotas.xcdatamodel */ = {isa = PBXFileReference; lastKnownFileType = wrapper.xcdatamodel; path = Mascotas.xcdatamodel; sourceTree = "<group>"; };
		3DBDD80E2DBD407400842729 /* Mascotas.app */ = {isa = PBXFileReference; explicitFileType = wrapper.application; includeInIndex = 0; path = Mascotas.app; sourceTree = BUILT_PRODUCTS_DIR; };
		3DBDD8112DBD407400842729 /* AppDelegate.swift */ = {isa = PBXFileReference; lastKnownFileType = sourcecode.swift; path = AppDelegate.swift; sourceTree = "<group>"; };
		3DBDD8132DBD407400842729 /* SceneDelegate.swift */ = {isa = PBXFileReference; lastKnownFileType = sourcecode.swift; path = SceneDelegate.swift; sourceTree = "<group>"; };
		3DBDD8152DBD407400842729 /* ViewController.swift */ = {isa = PBXFileReference; lastKnownFileType = sourcecode.swift; path = ViewController.swift; sourceTree = "<group>"; };
		3DBDD8182DBD407400842729 /* Base */ = {isa = PBXFileReference; lastKnownFileType = file.storyboard; name = Base; path = Base.lproj/Main.storyboard; sourceTree = "<group>"; };
		3DBDD81D2DBD407800842729 /* Assets.xcassets */ = {isa = PBXFileReference; lastKnownFileType = folder.assetcatalog; path = Assets.xcassets; sourceTree = "<group>"; };
		3DBDD8202DBD407800842729 /* Base */ = {isa = PBXFileReference; lastKnownFileType = file.storyboard; name = Base; path = Base.lproj/LaunchScreen.storyboard; sourceTree = "<group>"; };
		3DBDD8222DBD407800842729 /* Info.plist */ = {isa = PBXFileReference; lastKnownFileType = text.plist.xml; path = Info.plist; sourceTree = "<group>"; };
		6D06F0172DC696F40078C41A /* DataManager.swift */ = {isa = PBXFileReference; fileEncoding = 4; lastKnownFileType = sourcecode.swift; path = DataManager.swift; sourceTree = "<group>"; };
/* End PBXFileReference section */

/* Begin PBXFrameworksBuildPhase section */
		3DBDD80B2DBD407400842729 /* Frameworks */ = {
			isa = PBXFrameworksBuildPhase;
			buildActionMask = 2147483647;
			files = (
			);
			runOnlyForDeploymentPostprocessing = 0;
		};
/* End PBXFrameworksBuildPhase section */

/* Begin PBXGroup section */
		3DBDD8052DBD407400842729 = {
			isa = PBXGroup;
			children = (
				3DBDD8102DBD407400842729 /* Mascotas */,
				3DBDD80F2DBD407400842729 /* Products */,
			);
			sourceTree = "<group>";
		};
		3DBDD80F2DBD407400842729 /* Products */ = {
			isa = PBXGroup;
			children = (
				3DBDD80E2DBD407400842729 /* Mascotas.app */,
			);
			name = Products;
			sourceTree = "<group>";
		};
		3DBDD8102DBD407400842729 /* Mascotas */ = {
			isa = PBXGroup;
			children = (
				3DBDD82A2DBD413200842729 /* Controller */,
				3DBDD8292DBD412600842729 /* View */,
				3DBDD8282DBD411500842729 /* Model */,
				3DBDD81D2DBD407800842729 /* Assets.xcassets */,
				3DBDD8222DBD407800842729 /* Info.plist */,
			);
			path = Mascotas;
			sourceTree = "<group>";
		};
		3DBDD8282DBD411500842729 /* Model */ = {
			isa = PBXGroup;
			children = (
				3D1192FC2DBD46E100D809C3 /* Mascota+CoreDataClass.swift */,
				3D1192FD2DBD46E100D809C3 /* Mascota+CoreDataProperties.swift */,
				3D1192FE2DBD46E100D809C3 /* Responsable+CoreDataClass.swift */,
				3D1192FF2DBD46E100D809C3 /* Responsable+CoreDataProperties.swift */,
				3D1193042DBD4B8C00D809C3 /* ResponsableVO.swift */,
				3D1193062DBD4C7200D809C3 /* MascotaVO.swift */,
				3D1193162DC57E3D00D809C3 /* Mascotas.xcdatamodeld */,
			);
			path = Model;
			sourceTree = "<group>";
		};
		3DBDD8292DBD412600842729 /* View */ = {
			isa = PBXGroup;
			children = (
				3DBDD8172DBD407400842729 /* Main.storyboard */,
				3DBDD81F2DBD407800842729 /* LaunchScreen.storyboard */,
				3D11930E2DC441BC00D809C3 /* DetailView.swift */,
				3D11930A2DC43A2900D809C3 /* ResumenView.swift */,
			);
			path = View;
			sourceTree = "<group>";
		};
		3DBDD82A2DBD413200842729 /* Controller */ = {
			isa = PBXGroup;
			children = (
				3DBDD8112DBD407400842729 /* AppDelegate.swift */,
				3DBDD8132DBD407400842729 /* SceneDelegate.swift */,
				3DBDD8152DBD407400842729 /* ViewController.swift */,
				6D06F0172DC696F40078C41A /* DataManager.swift */,
				3D11930C2DC4416200D809C3 /* TableViewController.swift */,
				3D1193102DC4522700D809C3 /* DetailViewController.swift */,
			);
			path = Controller;
			sourceTree = "<group>";
		};
/* End PBXGroup section */

/* Begin PBXNativeTarget section */
		3DBDD80D2DBD407400842729 /* Mascotas */ = {
			isa = PBXNativeTarget;
			buildConfigurationList = 3DBDD8252DBD407800842729 /* Build configuration list for PBXNativeTarget "Mascotas" */;
			buildPhases = (
				3DBDD80A2DBD407400842729 /* Sources */,
				3DBDD80B2DBD407400842729 /* Frameworks */,
				3DBDD80C2DBD407400842729 /* Resources */,
			);
			buildRules = (
			);
			dependencies = (
			);
			name = Mascotas;
			productName = Mascotas;
			productReference = 3DBDD80E2DBD407400842729 /* Mascotas.app */;
			productType = "com.apple.product-type.application";
		};
/* End PBXNativeTarget section */

/* Begin PBXProject section */
		3DBDD8062DBD407400842729 /* Project object */ = {
			isa = PBXProject;
			attributes = {
				BuildIndependentTargetsInParallel = 1;
				LastSwiftUpdateCheck = 1520;
				LastUpgradeCheck = 1520;
				TargetAttributes = {
					3DBDD80D2DBD407400842729 = {
						CreatedOnToolsVersion = 15.2;
					};
				};
			};
			buildConfigurationList = 3DBDD8092DBD407400842729 /* Build configuration list for PBXProject "Mascotas" */;
			compatibilityVersion = "Xcode 14.0";
			developmentRegion = en;
			hasScannedForEncodings = 0;
			knownRegions = (
				en,
				Base,
			);
			mainGroup = 3DBDD8052DBD407400842729;
			productRefGroup = 3DBDD80F2DBD407400842729 /* Products */;
			projectDirPath = "";
			projectRoot = "";
			targets = (
				3DBDD80D2DBD407400842729 /* Mascotas */,
			);
		};
/* End PBXProject section */

/* Begin PBXResourcesBuildPhase section */
		3DBDD80C2DBD407400842729 /* Resources */ = {
			isa = PBXResourcesBuildPhase;
			buildActionMask = 2147483647;
			files = (
				3DBDD8212DBD407800842729 /* LaunchScreen.storyboard in Resources */,
				3DBDD81E2DBD407800842729 /* Assets.xcassets in Resources */,
				3DBDD8192DBD407400842729 /* Main.storyboard in Resources */,
			);
			runOnlyForDeploymentPostprocessing = 0;
		};
/* End PBXResourcesBuildPhase section */

/* Begin PBXSourcesBuildPhase section */
		3DBDD80A2DBD407400842729 /* Sources */ = {
			isa = PBXSourcesBuildPhase;
			buildActionMask = 2147483647;
			files = (
				3D1193052DBD4B8C00D809C3 /* ResponsableVO.swift in Sources */,
				6D06F0182DC696F40078C41A /* DataManager.swift in Sources */,
				3D11930B2DC43A2900D809C3 /* ResumenView.swift in Sources */,
				3D11930D2DC4416200D809C3 /* TableViewController.swift in Sources */,
				3D11930F2DC441BC00D809C3 /* DetailView.swift in Sources */,
				3D1193072DBD4C7200D809C3 /* MascotaVO.swift in Sources */,
				3D1193032DBD46E100D809C3 /* Responsable+CoreDataProperties.swift in Sources */,
				3D1193022DBD46E100D809C3 /* Responsable+CoreDataClass.swift in Sources */,
				3DBDD8162DBD407400842729 /* ViewController.swift in Sources */,
				3DBDD8122DBD407400842729 /* AppDelegate.swift in Sources */,
				3DBDD8142DBD407400842729 /* SceneDelegate.swift in Sources */,
				3D1193112DC4522700D809C3 /* DetailViewController.swift in Sources */,
				3D1193012DBD46E100D809C3 /* Mascota+CoreDataProperties.swift in Sources */,
				3D1193002DBD46E100D809C3 /* Mascota+CoreDataClass.swift in Sources */,
				3D1193182DC57E3D00D809C3 /* Mascotas.xcdatamodeld in Sources */,
			);
			runOnlyForDeploymentPostprocessing = 0;
		};
/* End PBXSourcesBuildPhase section */

/* Begin PBXVariantGroup section */
		3DBDD8172DBD407400842729 /* Main.storyboard */ = {
			isa = PBXVariantGroup;
			children = (
				3DBDD8182DBD407400842729 /* Base */,
			);
			name = Main.storyboard;
			sourceTree = "<group>";
		};
		3DBDD81F2DBD407800842729 /* LaunchScreen.storyboard */ = {
			isa = PBXVariantGroup;
			children = (
				3DBDD8202DBD407800842729 /* Base */,
			);
			name = LaunchScreen.storyboard;
			sourceTree = "<group>";
		};
/* End PBXVariantGroup section */

/* Begin XCBuildConfiguration section */
		3DBDD8232DBD407800842729 /* Debug */ = {
			isa = XCBuildConfiguration;
			buildSettings = {
				ALWAYS_SEARCH_USER_PATHS = NO;
				ASSETCATALOG_COMPILER_GENERATE_SWIFT_ASSET_SYMBOL_EXTENSIONS = YES;
				CLANG_ANALYZER_NONNULL = YES;
				CLANG_ANALYZER_NUMBER_OBJECT_CONVERSION = YES_AGGRESSIVE;
				CLANG_CXX_LANGUAGE_STANDARD = "gnu++20";
				CLANG_ENABLE_MODULES = YES;
				CLANG_ENABLE_OBJC_ARC = YES;
				CLANG_ENABLE_OBJC_WEAK = YES;
				CLANG_WARN_BLOCK_CAPTURE_AUTORELEASING = YES;
				CLANG_WARN_BOOL_CONVERSION = YES;
				CLANG_WARN_COMMA = YES;
				CLANG_WARN_CONSTANT_CONVERSION = YES;
				CLANG_WARN_DEPRECATED_OBJC_IMPLEMENTATIONS = YES;
				CLANG_WARN_DIRECT_OBJC_ISA_USAGE = YES_ERROR;
				CLANG_WARN_DOCUMENTATION_COMMENTS = YES;
				CLANG_WARN_EMPTY_BODY = YES;
				CLANG_WARN_ENUM_CONVERSION = YES;
				CLANG_WARN_INFINITE_RECURSION = YES;
				CLANG_WARN_INT_CONVERSION = YES;
				CLANG_WARN_NON_LITERAL_NULL_CONVERSION = YES;
				CLANG_WARN_OBJC_IMPLICIT_RETAIN_SELF = YES;
				CLANG_WARN_OBJC_LITERAL_CONVERSION = YES;
				CLANG_WARN_OBJC_ROOT_CLASS = YES_ERROR;
				CLANG_WARN_QUOTED_INCLUDE_IN_FRAMEWORK_HEADER = YES;
				CLANG_WARN_RANGE_LOOP_ANALYSIS = YES;
				CLANG_WARN_STRICT_PROTOTYPES = YES;
				CLANG_WARN_SUSPICIOUS_MOVE = YES;
				CLANG_WARN_UNGUARDED_AVAILABILITY = YES_AGGRESSIVE;
				CLANG_WARN_UNREACHABLE_CODE = YES;
				CLANG_WARN__DUPLICATE_METHOD_MATCH = YES;
				COPY_PHASE_STRIP = NO;
				DEBUG_INFORMATION_FORMAT = dwarf;
				ENABLE_STRICT_OBJC_MSGSEND = YES;
				ENABLE_TESTABILITY = YES;
				ENABLE_USER_SCRIPT_SANDBOXING = YES;
				GCC_C_LANGUAGE_STANDARD = gnu17;
				GCC_DYNAMIC_NO_PIC = NO;
				GCC_NO_COMMON_BLOCKS = YES;
				GCC_OPTIMIZATION_LEVEL = 0;
				GCC_PREPROCESSOR_DEFINITIONS = (
					"DEBUG=1",
					"$(inherited)",
				);
				GCC_WARN_64_TO_32_BIT_CONVERSION = YES;
				GCC_WARN_ABOUT_RETURN_TYPE = YES_ERROR;
				GCC_WARN_UNDECLARED_SELECTOR = YES;
				GCC_WARN_UNINITIALIZED_AUTOS = YES_AGGRESSIVE;
				GCC_WARN_UNUSED_FUNCTION = YES;
				GCC_WARN_UNUSED_VARIABLE = YES;
				IPHONEOS_DEPLOYMENT_TARGET = 17.2;
				LOCALIZATION_PREFERS_STRING_CATALOGS = YES;
				MTL_ENABLE_DEBUG_INFO = INCLUDE_SOURCE;
				MTL_FAST_MATH = YES;
				ONLY_ACTIVE_ARCH = YES;
				SDKROOT = iphoneos;
				SWIFT_ACTIVE_COMPILATION_CONDITIONS = "DEBUG $(inherited)";
				SWIFT_OPTIMIZATION_LEVEL = "-Onone";
			};
			name = Debug;
		};
		3DBDD8242DBD407800842729 /* Release */ = {
			isa = XCBuildConfiguration;
			buildSettings = {
				ALWAYS_SEARCH_USER_PATHS = NO;
				ASSETCATALOG_COMPILER_GENERATE_SWIFT_ASSET_SYMBOL_EXTENSIONS = YES;
				CLANG_ANALYZER_NONNULL = YES;
				CLANG_ANALYZER_NUMBER_OBJECT_CONVERSION = YES_AGGRESSIVE;
				CLANG_CXX_LANGUAGE_STANDARD = "gnu++20";
				CLANG_ENABLE_MODULES = YES;
				CLANG_ENABLE_OBJC_ARC = YES;
				CLANG_ENABLE_OBJC_WEAK = YES;
				CLANG_WARN_BLOCK_CAPTURE_AUTORELEASING = YES;
				CLANG_WARN_BOOL_CONVERSION = YES;
				CLANG_WARN_COMMA = YES;
				CLANG_WARN_CONSTANT_CONVERSION = YES;
				CLANG_WARN_DEPRECATED_OBJC_IMPLEMENTATIONS = YES;
				CLANG_WARN_DIRECT_OBJC_ISA_USAGE = YES_ERROR;
				CLANG_WARN_DOCUMENTATION_COMMENTS = YES;
				CLANG_WARN_EMPTY_BODY = YES;
				CLANG_WARN_ENUM_CONVERSION = YES;
				CLANG_WARN_INFINITE_RECURSION = YES;
				CLANG_WARN_INT_CONVERSION = YES;
				CLANG_WARN_NON_LITERAL_NULL_CONVERSION = YES;
				CLANG_WARN_OBJC_IMPLICIT_RETAIN_SELF = YES;
				CLANG_WARN_OBJC_LITERAL_CONVERSION = YES;
				CLANG_WARN_OBJC_ROOT_CLASS = YES_ERROR;
				CLANG_WARN_QUOTED_INCLUDE_IN_FRAMEWORK_HEADER = YES;
				CLANG_WARN_RANGE_LOOP_ANALYSIS = YES;
				CLANG_WARN_STRICT_PROTOTYPES = YES;
				CLANG_WARN_SUSPICIOUS_MOVE = YES;
				CLANG_WARN_UNGUARDED_AVAILABILITY = YES_AGGRESSIVE;
				CLANG_WARN_UNREACHABLE_CODE = YES;
				CLANG_WARN__DUPLICATE_METHOD_MATCH = YES;
				COPY_PHASE_STRIP = NO;
				DEBUG_INFORMATION_FORMAT = "dwarf-with-dsym";
				ENABLE_NS_ASSERTIONS = NO;
				ENABLE_STRICT_OBJC_MSGSEND = YES;
				ENABLE_USER_SCRIPT_SANDBOXING = YES;
				GCC_C_LANGUAGE_STANDARD = gnu17;
				GCC_NO_COMMON_BLOCKS = YES;
				GCC_WARN_64_TO_32_BIT_CONVERSION = YES;
				GCC_WARN_ABOUT_RETURN_TYPE = YES_ERROR;
				GCC_WARN_UNDECLARED_SELECTOR = YES;
				GCC_WARN_UNINITIALIZED_AUTOS = YES_AGGRESSIVE;
				GCC_WARN_UNUSED_FUNCTION = YES;
				GCC_WARN_UNUSED_VARIABLE = YES;
				IPHONEOS_DEPLOYMENT_TARGET = 17.2;
				LOCALIZATION_PREFERS_STRING_CATALOGS = YES;
				MTL_ENABLE_DEBUG_INFO = NO;
				MTL_FAST_MATH = YES;
				SDKROOT = iphoneos;
				SWIFT_COMPILATION_MODE = wholemodule;
				VALIDATE_PRODUCT = YES;
			};
			name = Release;
		};
		3DBDD8262DBD407800842729 /* Debug */ = {
			isa = XCBuildConfiguration;
			buildSettings = {
				ASSETCATALOG_COMPILER_APPICON_NAME = AppIcon;
				ASSETCATALOG_COMPILER_GLOBAL_ACCENT_COLOR_NAME = AccentColor;
				CODE_SIGN_STYLE = Automatic;
				CURRENT_PROJECT_VERSION = 1;
				DEVELOPMENT_TEAM = E9KS5E39JS;
				GENERATE_INFOPLIST_FILE = YES;
				INFOPLIST_FILE = Mascotas/Info.plist;
				INFOPLIST_KEY_UIApplicationSupportsIndirectInputEvents = YES;
				INFOPLIST_KEY_UILaunchStoryboardName = LaunchScreen;
				INFOPLIST_KEY_UIMainStoryboardFile = Main;
				INFOPLIST_KEY_UISupportedInterfaceOrientations_iPad = "UIInterfaceOrientationPortrait UIInterfaceOrientationPortraitUpsideDown UIInterfaceOrientationLandscapeLeft UIInterfaceOrientationLandscapeRight";
				INFOPLIST_KEY_UISupportedInterfaceOrientations_iPhone = "UIInterfaceOrientationPortrait UIInterfaceOrientationLandscapeLeft UIInterfaceOrientationLandscapeRight";
				LD_RUNPATH_SEARCH_PATHS = (
					"$(inherited)",
					"@executable_path/Frameworks",
				);
				MARKETING_VERSION = 1.0;
				PRODUCT_BUNDLE_IDENTIFIER = com.janzelaznog.ddadm13.Mascotas;
				PRODUCT_NAME = "$(TARGET_NAME)";
				SWIFT_EMIT_LOC_STRINGS = YES;
				SWIFT_VERSION = 5.0;
				TARGETED_DEVICE_FAMILY = "1,2";
			};
			name = Debug;
		};
		3DBDD8272DBD407800842729 /* Release */ = {
			isa = XCBuildConfiguration;
			buildSettings = {
				ASSETCATALOG_COMPILER_APPICON_NAME = AppIcon;
				ASSETCATALOG_COMPILER_GLOBAL_ACCENT_COLOR_NAME = AccentColor;
				CODE_SIGN_STYLE = Automatic;
				CURRENT_PROJECT_VERSION = 1;
				DEVELOPMENT_TEAM = E9KS5E39JS;
				GENERATE_INFOPLIST_FILE = YES;
				INFOPLIST_FILE = Mascotas/Info.plist;
				INFOPLIST_KEY_UIApplicationSupportsIndirectInputEvents = YES;
				INFOPLIST_KEY_UILaunchStoryboardName = LaunchScreen;
				INFOPLIST_KEY_UIMainStoryboardFile = Main;
				INFOPLIST_KEY_UISupportedInterfaceOrientations_iPad = "UIInterfaceOrientationPortrait UIInterfaceOrientationPortraitUpsideDown UIInterfaceOrientationLandscapeLeft UIInterfaceOrientationLandscapeRight";
				INFOPLIST_KEY_UISupportedInterfaceOrientations_iPhone = "UIInterfaceOrientationPortrait UIInterfaceOrientationLandscapeLeft UIInterfaceOrientationLandscapeRight";
				LD_RUNPATH_SEARCH_PATHS = (
					"$(inherited)",
					"@executable_path/Frameworks",
				);
				MARKETING_VERSION = 1.0;
				PRODUCT_BUNDLE_IDENTIFIER = com.janzelaznog.ddadm13.Mascotas;
				PRODUCT_NAME = "$(TARGET_NAME)";
				SWIFT_EMIT_LOC_STRINGS = YES;
				SWIFT_VERSION = 5.0;
				TARGETED_DEVICE_FAMILY = "1,2";
			};
			name = Release;
		};
/* End XCBuildConfiguration section */

/* Begin XCConfigurationList section */
		3DBDD8092DBD407400842729 /* Build configuration list for PBXProject "Mascotas" */ = {
			isa = XCConfigurationList;
			buildConfigurations = (
				3DBDD8232DBD407800842729 /* Debug */,
				3DBDD8242DBD407800842729 /* Release */,
			);
			defaultConfigurationIsVisible = 0;
			defaultConfigurationName = Release;
		};
		3DBDD8252DBD407800842729 /* Build configuration list for PBXNativeTarget "Mascotas" */ = {
			isa = XCConfigurationList;
			buildConfigurations = (
				3DBDD8262DBD407800842729 /* Debug */,
				3DBDD8272DBD407800842729 /* Release */,
			);
			defaultConfigurationIsVisible = 0;
			defaultConfigurationName = Release;
		};
/* End XCConfigurationList section */

/* Begin XCVersionGroup section */
		3D1193162DC57E3D00D809C3 /* Mascotas.xcdatamodeld */ = {
			isa = XCVersionGroup;
			children = (
				3D1193172DC57E3D00D809C3 /* Mascotas.xcdatamodel */,
			);
			currentVersion = 3D1193172DC57E3D00D809C3 /* Mascotas.xcdatamodel */;
			path = Mascotas.xcdatamodeld;
			sourceTree = "<group>";
			versionGroupType = wrapper.xcdatamodel;
		};
/* End XCVersionGroup section */
	};
	rootObject = 3DBDD8062DBD407400842729 /* Project object */;
}
